
Microsoft Visual Studio Solution File, Format Version 12.00
# Visual Studio Version 16
VisualStudioVersion = 16.0.30002.166
MinimumVisualStudioVersion = 10.0.40219.1
Project("{F184B08F-C81C-45F6-A57F-5ABD9991F28F}") = "S.I.S.T.E.MA vAppTest", "S.I.S.T.E.MA vAppTest\S.I.S.T.E.MA vAppTest.vbproj", "{77564BF1-A4F1-470D-841E-62E25E2ED77C}"
EndProject
Global
	GlobalSection(SolutionConfigurationPlatforms) = preSolution
		Debug|Any CPU = Debug|Any CPU
		Release|Any CPU = Release|Any CPU
	EndGlobalSection
	GlobalSection(ProjectConfigurationPlatforms) = postSolution
		{77564BF1-A4F1-470D-841E-62E25E2ED77C}.Debug|Any CPU.ActiveCfg = Debug|Any CPU
		{77564BF1-A4F1-470D-841E-62E25E2ED77C}.Debug|Any CPU.Build.0 = Debug|Any CPU
		{77564BF1-A4F1-470D-841E-62E25E2ED77C}.Release|Any CPU.ActiveCfg = Release|Any CPU
		{77564BF1-A4F1-470D-841E-62E25E2ED77C}.Release|Any CPU.Build.0 = Release|Any CPU
	EndGlobalSection
	GlobalSection(SolutionProperties) = preSolution
		HideSolutionNode = FALSE
	EndGlobalSection
	GlobalSection(ExtensibilityGlobals) = postSolution
		SolutionGuid = {0A1D9F2D-F1DC-4794-B9EB-DA42FEFCD57E}
	EndGlobalSection
EndGlobal
